
Microsoft Visual Studio Solution File, Format Version 12.00
# Visual Studio 15
VisualStudioVersion = 15.0.27130.0
MinimumVisualStudioVersion = 10.0.40219.1
Project("{2150E333-8FDC-42A3-9474-1A3956D46DE8}") = "Solution Items", "Solution Items", "{AC996D64-DE03-42A5-8FDC-B6C3A0E2487A}"
	ProjectSection(SolutionItems) = preProject
		LeoJHarris.XForms.Plugin.EnhancedEntry.nuspec = LeoJHarris.XForms.Plugin.EnhancedEntry.nuspec
	EndProjectSection
EndProject
Project("{FAE04EC0-301F-11D3-BF4B-00C04F79EFBC}") = "EnhancedEntry.FormsPlugin.Android", "EnhancedEntry\EnhancedEntry.FormsPlugin.Android\EnhancedEntry.FormsPlugin.Android.csproj", "{AD2D2DB4-E781-4CF1-9B62-3AAD264F196D}"
EndProject
Project("{FAE04EC0-301F-11D3-BF4B-00C04F79EFBC}") = "EnhancedEntry.FormsPlugin.Abstractions", "EnhancedEntry\EnhancedEntry.FormsPlugin.Abstractions\EnhancedEntry.FormsPlugin.Abstractions.csproj", "{14C534B6-1984-41A9-A384-D3A5508588E3}"
EndProject
Project("{FAE04EC0-301F-11D3-BF4B-00C04F79EFBC}") = "EnhancedEntry.FormsPlugin.iOS", "EnhancedEntry\EnhancedEntry.FormsPlugin.iOS\EnhancedEntry.FormsPlugin.iOS.csproj", "{D525F236-6A2D-4010-B1CC-4A4B8581C90B}"
EndProject
Project("{2150E333-8FDC-42A3-9474-1A3956D46DE8}") = "Sample", "Sample", "{4A7D5131-8D63-44B9-B223-34FC0BFFD421}"
EndProject
Project("{FAE04EC0-301F-11D3-BF4B-00C04F79EFBC}") = "SampleApp.Android", "SampleApp\SampleApp.Android\SampleApp.Android.csproj", "{83DD90EC-6D6B-448E-B84C-4C0B1351AD89}"
EndProject
Project("{FAE04EC0-301F-11D3-BF4B-00C04F79EFBC}") = "SampleApp.iOS", "SampleApp\SampleApp.iOS\SampleApp.iOS.csproj", "{DEC82FB8-F5B0-4B26-8F69-52BB8BDB7CB0}"
EndProject
Project("{FAE04EC0-301F-11D3-BF4B-00C04F79EFBC}") = "SampleApp.UWP", "SampleApp\SampleApp.UWP\SampleApp.UWP.csproj", "{DE561B62-61E1-4377-B6DD-DF9A621386AF}"
EndProject
Project("{FAE04EC0-301F-11D3-BF4B-00C04F79EFBC}") = "SampleApp", "SampleApp\SampleApp\SampleApp.csproj", "{6E3500D1-9619-4594-B142-F72DD23983ED}"
EndProject
Global
	GlobalSection(SolutionConfigurationPlatforms) = preSolution
		Ad-Hoc|Any CPU = Ad-Hoc|Any CPU
		Ad-Hoc|ARM = Ad-Hoc|ARM
		Ad-Hoc|iPhone = Ad-Hoc|iPhone
		Ad-Hoc|iPhoneSimulator = Ad-Hoc|iPhoneSimulator
		Ad-Hoc|x64 = Ad-Hoc|x64
		Ad-Hoc|x86 = Ad-Hoc|x86
		AppStore|Any CPU = AppStore|Any CPU
		AppStore|ARM = AppStore|ARM
		AppStore|iPhone = AppStore|iPhone
		AppStore|iPhoneSimulator = AppStore|iPhoneSimulator
		AppStore|x64 = AppStore|x64
		AppStore|x86 = AppStore|x86
		Debug|Any CPU = Debug|Any CPU
		Debug|ARM = Debug|ARM
		Debug|iPhone = Debug|iPhone
		Debug|iPhoneSimulator = Debug|iPhoneSimulator
		Debug|x64 = Debug|x64
		Debug|x86 = Debug|x86
		Release|Any CPU = Release|Any CPU
		Release|ARM = Release|ARM
		Release|iPhone = Release|iPhone
		Release|iPhoneSimulator = Release|iPhoneSimulator
		Release|x64 = Release|x64
		Release|x86 = Release|x86
	EndGlobalSection
	GlobalSection(ProjectConfigurationPlatforms) = postSolution
		{AD2D2DB4-E781-4CF1-9B62-3AAD264F196D}.Ad-Hoc|Any CPU.ActiveCfg = Release|Any CPU
		{AD2D2DB4-E781-4CF1-9B62-3AAD264F196D}.Ad-Hoc|Any CPU.Build.0 = Release|Any CPU
		{AD2D2DB4-E781-4CF1-9B62-3AAD264F196D}.Ad-Hoc|ARM.ActiveCfg = Release|Any CPU
		{AD2D2DB4-E781-4CF1-9B62-3AAD264F196D}.Ad-Hoc|ARM.Build.0 = Release|Any CPU
		{AD2D2DB4-E781-4CF1-9B62-3AAD264F196D}.Ad-Hoc|iPhone.ActiveCfg = Release|Any CPU
		{AD2D2DB4-E781-4CF1-9B62-3AAD264F196D}.Ad-Hoc|iPhone.Build.0 = Release|Any CPU
		{AD2D2DB4-E781-4CF1-9B62-3AAD264F196D}.Ad-Hoc|iPhoneSimulator.ActiveCfg = Release|Any CPU
		{AD2D2DB4-E781-4CF1-9B62-3AAD264F196D}.Ad-Hoc|iPhoneSimulator.Build.0 = Release|Any CPU
		{AD2D2DB4-E781-4CF1-9B62-3AAD264F196D}.Ad-Hoc|x64.ActiveCfg = Release|Any CPU
		{AD2D2DB4-E781-4CF1-9B62-3AAD264F196D}.Ad-Hoc|x64.Build.0 = Release|Any CPU
		{AD2D2DB4-E781-4CF1-9B62-3AAD264F196D}.Ad-Hoc|x86.ActiveCfg = Release|Any CPU
		{AD2D2DB4-E781-4CF1-9B62-3AAD264F196D}.Ad-Hoc|x86.Build.0 = Release|Any CPU
		{AD2D2DB4-E781-4CF1-9B62-3AAD264F196D}.AppStore|Any CPU.ActiveCfg = Release|Any CPU
		{AD2D2DB4-E781-4CF1-9B62-3AAD264F196D}.AppStore|Any CPU.Build.0 = Release|Any CPU
		{AD2D2DB4-E781-4CF1-9B62-3AAD264F196D}.AppStore|ARM.ActiveCfg = Release|Any CPU
		{AD2D2DB4-E781-4CF1-9B62-3AAD264F196D}.AppStore|ARM.Build.0 = Release|Any CPU
		{AD2D2DB4-E781-4CF1-9B62-3AAD264F196D}.AppStore|iPhone.ActiveCfg = Release|Any CPU
		{AD2D2DB4-E781-4CF1-9B62-3AAD264F196D}.AppStore|iPhone.Build.0 = Release|Any CPU
		{AD2D2DB4-E781-4CF1-9B62-3AAD264F196D}.AppStore|iPhoneSimulator.ActiveCfg = Release|Any CPU
		{AD2D2DB4-E781-4CF1-9B62-3AAD264F196D}.AppStore|iPhoneSimulator.Build.0 = Release|Any CPU
		{AD2D2DB4-E781-4CF1-9B62-3AAD264F196D}.AppStore|x64.ActiveCfg = Release|Any CPU
		{AD2D2DB4-E781-4CF1-9B62-3AAD264F196D}.AppStore|x64.Build.0 = Release|Any CPU
		{AD2D2DB4-E781-4CF1-9B62-3AAD264F196D}.AppStore|x86.ActiveCfg = Release|Any CPU
		{AD2D2DB4-E781-4CF1-9B62-3AAD264F196D}.AppStore|x86.Build.0 = Release|Any CPU
		{AD2D2DB4-E781-4CF1-9B62-3AAD264F196D}.Debug|Any CPU.ActiveCfg = Debug|Any CPU
		{AD2D2DB4-E781-4CF1-9B62-3AAD264F196D}.Debug|Any CPU.Build.0 = Debug|Any CPU
		{AD2D2DB4-E781-4CF1-9B62-3AAD264F196D}.Debug|ARM.ActiveCfg = Debug|Any CPU
		{AD2D2DB4-E781-4CF1-9B62-3AAD264F196D}.Debug|ARM.Build.0 = Debug|Any CPU
		{AD2D2DB4-E781-4CF1-9B62-3AAD264F196D}.Debug|iPhone.ActiveCfg = Debug|Any CPU
		{AD2D2DB4-E781-4CF1-9B62-3AAD264F196D}.Debug|iPhone.Build.0 = Debug|Any CPU
		{AD2D2DB4-E781-4CF1-9B62-3AAD264F196D}.Debug|iPhoneSimulator.ActiveCfg = Debug|Any CPU
		{AD2D2DB4-E781-4CF1-9B62-3AAD264F196D}.Debug|iPhoneSimulator.Build.0 = Debug|Any CPU
		{AD2D2DB4-E781-4CF1-9B62-3AAD264F196D}.Debug|x64.ActiveCfg = Debug|Any CPU
		{AD2D2DB4-E781-4CF1-9B62-3AAD264F196D}.Debug|x64.Build.0 = Debug|Any CPU
		{AD2D2DB4-E781-4CF1-9B62-3AAD264F196D}.Debug|x86.ActiveCfg = Debug|Any CPU
		{AD2D2DB4-E781-4CF1-9B62-3AAD264F196D}.Debug|x86.Build.0 = Debug|Any CPU
		{AD2D2DB4-E781-4CF1-9B62-3AAD264F196D}.Release|Any CPU.ActiveCfg = Release|Any CPU
		{AD2D2DB4-E781-4CF1-9B62-3AAD264F196D}.Release|Any CPU.Build.0 = Release|Any CPU
		{AD2D2DB4-E781-4CF1-9B62-3AAD264F196D}.Release|ARM.ActiveCfg = Release|Any CPU
		{AD2D2DB4-E781-4CF1-9B62-3AAD264F196D}.Release|ARM.Build.0 = Release|Any CPU
		{AD2D2DB4-E781-4CF1-9B62-3AAD264F196D}.Release|iPhone.ActiveCfg = Release|Any CPU
		{AD2D2DB4-E781-4CF1-9B62-3AAD264F196D}.Release|iPhone.Build.0 = Release|Any CPU
		{AD2D2DB4-E781-4CF1-9B62-3AAD264F196D}.Release|iPhoneSimulator.ActiveCfg = Release|Any CPU
		{AD2D2DB4-E781-4CF1-9B62-3AAD264F196D}.Release|iPhoneSimulator.Build.0 = Release|Any CPU
		{AD2D2DB4-E781-4CF1-9B62-3AAD264F196D}.Release|x64.ActiveCfg = Release|Any CPU
		{AD2D2DB4-E781-4CF1-9B62-3AAD264F196D}.Release|x64.Build.0 = Release|Any CPU
		{AD2D2DB4-E781-4CF1-9B62-3AAD264F196D}.Release|x86.ActiveCfg = Release|Any CPU
		{AD2D2DB4-E781-4CF1-9B62-3AAD264F196D}.Release|x86.Build.0 = Release|Any CPU
		{14C534B6-1984-41A9-A384-D3A5508588E3}.Ad-Hoc|Any CPU.ActiveCfg = Release|Any CPU
		{14C534B6-1984-41A9-A384-D3A5508588E3}.Ad-Hoc|Any CPU.Build.0 = Release|Any CPU
		{14C534B6-1984-41A9-A384-D3A5508588E3}.Ad-Hoc|ARM.ActiveCfg = Release|Any CPU
		{14C534B6-1984-41A9-A384-D3A5508588E3}.Ad-Hoc|ARM.Build.0 = Release|Any CPU
		{14C534B6-1984-41A9-A384-D3A5508588E3}.Ad-Hoc|iPhone.ActiveCfg = Release|Any CPU
		{14C534B6-1984-41A9-A384-D3A5508588E3}.Ad-Hoc|iPhone.Build.0 = Release|Any CPU
		{14C534B6-1984-41A9-A384-D3A5508588E3}.Ad-Hoc|iPhoneSimulator.ActiveCfg = Release|Any CPU
		{14C534B6-1984-41A9-A384-D3A5508588E3}.Ad-Hoc|iPhoneSimulator.Build.0 = Release|Any CPU
		{14C534B6-1984-41A9-A384-D3A5508588E3}.Ad-Hoc|x64.ActiveCfg = Release|Any CPU
		{14C534B6-1984-41A9-A384-D3A5508588E3}.Ad-Hoc|x64.Build.0 = Release|Any CPU
		{14C534B6-1984-41A9-A384-D3A5508588E3}.Ad-Hoc|x86.ActiveCfg = Release|Any CPU
		{14C534B6-1984-41A9-A384-D3A5508588E3}.Ad-Hoc|x86.Build.0 = Release|Any CPU
		{14C534B6-1984-41A9-A384-D3A5508588E3}.AppStore|Any CPU.ActiveCfg = Release|Any CPU
		{14C534B6-1984-41A9-A384-D3A5508588E3}.AppStore|Any CPU.Build.0 = Release|Any CPU
		{14C534B6-1984-41A9-A384-D3A5508588E3}.AppStore|ARM.ActiveCfg = Release|Any CPU
		{14C534B6-1984-41A9-A384-D3A5508588E3}.AppStore|ARM.Build.0 = Release|Any CPU
		{14C534B6-1984-41A9-A384-D3A5508588E3}.AppStore|iPhone.ActiveCfg = Release|Any CPU
		{14C534B6-1984-41A9-A384-D3A5508588E3}.AppStore|iPhone.Build.0 = Release|Any CPU
		{14C534B6-1984-41A9-A384-D3A5508588E3}.AppStore|iPhoneSimulator.ActiveCfg = Release|Any CPU
		{14C534B6-1984-41A9-A384-D3A5508588E3}.AppStore|iPhoneSimulator.Build.0 = Release|Any CPU
		{14C534B6-1984-41A9-A384-D3A5508588E3}.AppStore|x64.ActiveCfg = Release|Any CPU
		{14C534B6-1984-41A9-A384-D3A5508588E3}.AppStore|x64.Build.0 = Release|Any CPU
		{14C534B6-1984-41A9-A384-D3A5508588E3}.AppStore|x86.ActiveCfg = Release|Any CPU
		{14C534B6-1984-41A9-A384-D3A5508588E3}.AppStore|x86.Build.0 = Release|Any CPU
		{14C534B6-1984-41A9-A384-D3A5508588E3}.Debug|Any CPU.ActiveCfg = Debug|Any CPU
		{14C534B6-1984-41A9-A384-D3A5508588E3}.Debug|Any CPU.Build.0 = Debug|Any CPU
		{14C534B6-1984-41A9-A384-D3A5508588E3}.Debug|ARM.ActiveCfg = Debug|Any CPU
		{14C534B6-1984-41A9-A384-D3A5508588E3}.Debug|ARM.Build.0 = Debug|Any CPU
		{14C534B6-1984-41A9-A384-D3A5508588E3}.Debug|iPhone.ActiveCfg = Debug|Any CPU
		{14C534B6-1984-41A9-A384-D3A5508588E3}.Debug|iPhone.Build.0 = Debug|Any CPU
		{14C534B6-1984-41A9-A384-D3A5508588E3}.Debug|iPhoneSimulator.ActiveCfg = Debug|Any CPU
		{14C534B6-1984-41A9-A384-D3A5508588E3}.Debug|iPhoneSimulator.Build.0 = Debug|Any CPU
		{14C534B6-1984-41A9-A384-D3A5508588E3}.Debug|x64.ActiveCfg = Debug|Any CPU
		{14C534B6-1984-41A9-A384-D3A5508588E3}.Debug|x64.Build.0 = Debug|Any CPU
		{14C534B6-1984-41A9-A384-D3A5508588E3}.Debug|x86.ActiveCfg = Debug|Any CPU
		{14C534B6-1984-41A9-A384-D3A5508588E3}.Debug|x86.Build.0 = Debug|Any CPU
		{14C534B6-1984-41A9-A384-D3A5508588E3}.Release|Any CPU.ActiveCfg = Release|Any CPU
		{14C534B6-1984-41A9-A384-D3A5508588E3}.Release|Any CPU.Build.0 = Release|Any CPU
		{14C534B6-1984-41A9-A384-D3A5508588E3}.Release|ARM.ActiveCfg = Release|Any CPU
		{14C534B6-1984-41A9-A384-D3A5508588E3}.Release|ARM.Build.0 = Release|Any CPU
		{14C534B6-1984-41A9-A384-D3A5508588E3}.Release|iPhone.ActiveCfg = Release|Any CPU
		{14C534B6-1984-41A9-A384-D3A5508588E3}.Release|iPhone.Build.0 = Release|Any CPU
		{14C534B6-1984-41A9-A384-D3A5508588E3}.Release|iPhoneSimulator.ActiveCfg = Release|Any CPU
		{14C534B6-1984-41A9-A384-D3A5508588E3}.Release|iPhoneSimulator.Build.0 = Release|Any CPU
		{14C534B6-1984-41A9-A384-D3A5508588E3}.Release|x64.ActiveCfg = Release|Any CPU
		{14C534B6-1984-41A9-A384-D3A5508588E3}.Release|x64.Build.0 = Release|Any CPU
		{14C534B6-1984-41A9-A384-D3A5508588E3}.Release|x86.ActiveCfg = Release|Any CPU
		{14C534B6-1984-41A9-A384-D3A5508588E3}.Release|x86.Build.0 = Release|Any CPU
		{D525F236-6A2D-4010-B1CC-4A4B8581C90B}.Ad-Hoc|Any CPU.ActiveCfg = Release|Any CPU
		{D525F236-6A2D-4010-B1CC-4A4B8581C90B}.Ad-Hoc|Any CPU.Build.0 = Release|Any CPU
		{D525F236-6A2D-4010-B1CC-4A4B8581C90B}.Ad-Hoc|ARM.ActiveCfg = Release|Any CPU
		{D525F236-6A2D-4010-B1CC-4A4B8581C90B}.Ad-Hoc|ARM.Build.0 = Release|Any CPU
		{D525F236-6A2D-4010-B1CC-4A4B8581C90B}.Ad-Hoc|iPhone.ActiveCfg = Release|Any CPU
		{D525F236-6A2D-4010-B1CC-4A4B8581C90B}.Ad-Hoc|iPhone.Build.0 = Release|Any CPU
		{D525F236-6A2D-4010-B1CC-4A4B8581C90B}.Ad-Hoc|iPhoneSimulator.ActiveCfg = Release|Any CPU
		{D525F236-6A2D-4010-B1CC-4A4B8581C90B}.Ad-Hoc|iPhoneSimulator.Build.0 = Release|Any CPU
		{D525F236-6A2D-4010-B1CC-4A4B8581C90B}.Ad-Hoc|x64.ActiveCfg = Release|Any CPU
		{D525F236-6A2D-4010-B1CC-4A4B8581C90B}.Ad-Hoc|x64.Build.0 = Release|Any CPU
		{D525F236-6A2D-4010-B1CC-4A4B8581C90B}.Ad-Hoc|x86.ActiveCfg = Release|Any CPU
		{D525F236-6A2D-4010-B1CC-4A4B8581C90B}.Ad-Hoc|x86.Build.0 = Release|Any CPU
		{D525F236-6A2D-4010-B1CC-4A4B8581C90B}.AppStore|Any CPU.ActiveCfg = Release|Any CPU
		{D525F236-6A2D-4010-B1CC-4A4B8581C90B}.AppStore|Any CPU.Build.0 = Release|Any CPU
		{D525F236-6A2D-4010-B1CC-4A4B8581C90B}.AppStore|ARM.ActiveCfg = Release|Any CPU
		{D525F236-6A2D-4010-B1CC-4A4B8581C90B}.AppStore|ARM.Build.0 = Release|Any CPU
		{D525F236-6A2D-4010-B1CC-4A4B8581C90B}.AppStore|iPhone.ActiveCfg = Release|Any CPU
		{D525F236-6A2D-4010-B1CC-4A4B8581C90B}.AppStore|iPhone.Build.0 = Release|Any CPU
		{D525F236-6A2D-4010-B1CC-4A4B8581C90B}.AppStore|iPhoneSimulator.ActiveCfg = Release|Any CPU
		{D525F236-6A2D-4010-B1CC-4A4B8581C90B}.AppStore|iPhoneSimulator.Build.0 = Release|Any CPU
		{D525F236-6A2D-4010-B1CC-4A4B8581C90B}.AppStore|x64.ActiveCfg = Release|Any CPU
		{D525F236-6A2D-4010-B1CC-4A4B8581C90B}.AppStore|x64.Build.0 = Release|Any CPU
		{D525F236-6A2D-4010-B1CC-4A4B8581C90B}.AppStore|x86.ActiveCfg = Release|Any CPU
		{D525F236-6A2D-4010-B1CC-4A4B8581C90B}.AppStore|x86.Build.0 = Release|Any CPU
		{D525F236-6A2D-4010-B1CC-4A4B8581C90B}.Debug|Any CPU.ActiveCfg = Debug|Any CPU
		{D525F236-6A2D-4010-B1CC-4A4B8581C90B}.Debug|Any CPU.Build.0 = Debug|Any CPU
		{D525F236-6A2D-4010-B1CC-4A4B8581C90B}.Debug|ARM.ActiveCfg = Debug|Any CPU
		{D525F236-6A2D-4010-B1CC-4A4B8581C90B}.Debug|ARM.Build.0 = Debug|Any CPU
		{D525F236-6A2D-4010-B1CC-4A4B8581C90B}.Debug|iPhone.ActiveCfg = Debug|Any CPU
		{D525F236-6A2D-4010-B1CC-4A4B8581C90B}.Debug|iPhone.Build.0 = Debug|Any CPU
		{D525F236-6A2D-4010-B1CC-4A4B8581C90B}.Debug|iPhoneSimulator.ActiveCfg = Debug|Any CPU
		{D525F236-6A2D-4010-B1CC-4A4B8581C90B}.Debug|iPhoneSimulator.Build.0 = Debug|Any CPU
		{D525F236-6A2D-4010-B1CC-4A4B8581C90B}.Debug|x64.ActiveCfg = Debug|Any CPU
		{D525F236-6A2D-4010-B1CC-4A4B8581C90B}.Debug|x64.Build.0 = Debug|Any CPU
		{D525F236-6A2D-4010-B1CC-4A4B8581C90B}.Debug|x86.ActiveCfg = Debug|Any CPU
		{D525F236-6A2D-4010-B1CC-4A4B8581C90B}.Debug|x86.Build.0 = Debug|Any CPU
		{D525F236-6A2D-4010-B1CC-4A4B8581C90B}.Release|Any CPU.ActiveCfg = Release|Any CPU
		{D525F236-6A2D-4010-B1CC-4A4B8581C90B}.Release|Any CPU.Build.0 = Release|Any CPU
		{D525F236-6A2D-4010-B1CC-4A4B8581C90B}.Release|ARM.ActiveCfg = Release|Any CPU
		{D525F236-6A2D-4010-B1CC-4A4B8581C90B}.Release|ARM.Build.0 = Release|Any CPU
		{D525F236-6A2D-4010-B1CC-4A4B8581C90B}.Release|iPhone.ActiveCfg = Release|Any CPU
		{D525F236-6A2D-4010-B1CC-4A4B8581C90B}.Release|iPhone.Build.0 = Release|Any CPU
		{D525F236-6A2D-4010-B1CC-4A4B8581C90B}.Release|iPhoneSimulator.ActiveCfg = Release|Any CPU
		{D525F236-6A2D-4010-B1CC-4A4B8581C90B}.Release|iPhoneSimulator.Build.0 = Release|Any CPU
		{D525F236-6A2D-4010-B1CC-4A4B8581C90B}.Release|x64.ActiveCfg = Release|Any CPU
		{D525F236-6A2D-4010-B1CC-4A4B8581C90B}.Release|x64.Build.0 = Release|Any CPU
		{D525F236-6A2D-4010-B1CC-4A4B8581C90B}.Release|x86.ActiveCfg = Release|Any CPU
		{D525F236-6A2D-4010-B1CC-4A4B8581C90B}.Release|x86.Build.0 = Release|Any CPU
		{83DD90EC-6D6B-448E-B84C-4C0B1351AD89}.Ad-Hoc|Any CPU.ActiveCfg = Release|Any CPU
		{83DD90EC-6D6B-448E-B84C-4C0B1351AD89}.Ad-Hoc|Any CPU.Build.0 = Release|Any CPU
		{83DD90EC-6D6B-448E-B84C-4C0B1351AD89}.Ad-Hoc|Any CPU.Deploy.0 = Release|Any CPU
		{83DD90EC-6D6B-448E-B84C-4C0B1351AD89}.Ad-Hoc|ARM.ActiveCfg = Release|Any CPU
		{83DD90EC-6D6B-448E-B84C-4C0B1351AD89}.Ad-Hoc|ARM.Build.0 = Release|Any CPU
		{83DD90EC-6D6B-448E-B84C-4C0B1351AD89}.Ad-Hoc|ARM.Deploy.0 = Release|Any CPU
		{83DD90EC-6D6B-448E-B84C-4C0B1351AD89}.Ad-Hoc|iPhone.ActiveCfg = Release|Any CPU
		{83DD90EC-6D6B-448E-B84C-4C0B1351AD89}.Ad-Hoc|iPhone.Build.0 = Release|Any CPU
		{83DD90EC-6D6B-448E-B84C-4C0B1351AD89}.Ad-Hoc|iPhone.Deploy.0 = Release|Any CPU
		{83DD90EC-6D6B-448E-B84C-4C0B1351AD89}.Ad-Hoc|iPhoneSimulator.ActiveCfg = Release|Any CPU
		{83DD90EC-6D6B-448E-B84C-4C0B1351AD89}.Ad-Hoc|iPhoneSimulator.Build.0 = Release|Any CPU
		{83DD90EC-6D6B-448E-B84C-4C0B1351AD89}.Ad-Hoc|iPhoneSimulator.Deploy.0 = Release|Any CPU
		{83DD90EC-6D6B-448E-B84C-4C0B1351AD89}.Ad-Hoc|x64.ActiveCfg = Release|Any CPU
		{83DD90EC-6D6B-448E-B84C-4C0B1351AD89}.Ad-Hoc|x64.Build.0 = Release|Any CPU
		{83DD90EC-6D6B-448E-B84C-4C0B1351AD89}.Ad-Hoc|x64.Deploy.0 = Release|Any CPU
		{83DD90EC-6D6B-448E-B84C-4C0B1351AD89}.Ad-Hoc|x86.ActiveCfg = Release|Any CPU
		{83DD90EC-6D6B-448E-B84C-4C0B1351AD89}.Ad-Hoc|x86.Build.0 = Release|Any CPU
		{83DD90EC-6D6B-448E-B84C-4C0B1351AD89}.Ad-Hoc|x86.Deploy.0 = Release|Any CPU
		{83DD90EC-6D6B-448E-B84C-4C0B1351AD89}.AppStore|Any CPU.ActiveCfg = Release|Any CPU
		{83DD90EC-6D6B-448E-B84C-4C0B1351AD89}.AppStore|Any CPU.Build.0 = Release|Any CPU
		{83DD90EC-6D6B-448E-B84C-4C0B1351AD89}.AppStore|Any CPU.Deploy.0 = Release|Any CPU
		{83DD90EC-6D6B-448E-B84C-4C0B1351AD89}.AppStore|ARM.ActiveCfg = Release|Any CPU
		{83DD90EC-6D6B-448E-B84C-4C0B1351AD89}.AppStore|ARM.Build.0 = Release|Any CPU
		{83DD90EC-6D6B-448E-B84C-4C0B1351AD89}.AppStore|ARM.Deploy.0 = Release|Any CPU
		{83DD90EC-6D6B-448E-B84C-4C0B1351AD89}.AppStore|iPhone.ActiveCfg = Release|Any CPU
		{83DD90EC-6D6B-448E-B84C-4C0B1351AD89}.AppStore|iPhone.Build.0 = Release|Any CPU
		{83DD90EC-6D6B-448E-B84C-4C0B1351AD89}.AppStore|iPhone.Deploy.0 = Release|Any CPU
		{83DD90EC-6D6B-448E-B84C-4C0B1351AD89}.AppStore|iPhoneSimulator.ActiveCfg = Release|Any CPU
		{83DD90EC-6D6B-448E-B84C-4C0B1351AD89}.AppStore|iPhoneSimulator.Build.0 = Release|Any CPU
		{83DD90EC-6D6B-448E-B84C-4C0B1351AD89}.AppStore|iPhoneSimulator.Deploy.0 = Release|Any CPU
		{83DD90EC-6D6B-448E-B84C-4C0B1351AD89}.AppStore|x64.ActiveCfg = Release|Any CPU
		{83DD90EC-6D6B-448E-B84C-4C0B1351AD89}.AppStore|x64.Build.0 = Release|Any CPU
		{83DD90EC-6D6B-448E-B84C-4C0B1351AD89}.AppStore|x64.Deploy.0 = Release|Any CPU
		{83DD90EC-6D6B-448E-B84C-4C0B1351AD89}.AppStore|x86.ActiveCfg = Release|Any CPU
		{83DD90EC-6D6B-448E-B84C-4C0B1351AD89}.AppStore|x86.Build.0 = Release|Any CPU
		{83DD90EC-6D6B-448E-B84C-4C0B1351AD89}.AppStore|x86.Deploy.0 = Release|Any CPU
		{83DD90EC-6D6B-448E-B84C-4C0B1351AD89}.Debug|Any CPU.ActiveCfg = Debug|Any CPU
		{83DD90EC-6D6B-448E-B84C-4C0B1351AD89}.Debug|Any CPU.Build.0 = Debug|Any CPU
		{83DD90EC-6D6B-448E-B84C-4C0B1351AD89}.Debug|Any CPU.Deploy.0 = Debug|Any CPU
		{83DD90EC-6D6B-448E-B84C-4C0B1351AD89}.Debug|ARM.ActiveCfg = Debug|Any CPU
		{83DD90EC-6D6B-448E-B84C-4C0B1351AD89}.Debug|ARM.Build.0 = Debug|Any CPU
		{83DD90EC-6D6B-448E-B84C-4C0B1351AD89}.Debug|ARM.Deploy.0 = Debug|Any CPU
		{83DD90EC-6D6B-448E-B84C-4C0B1351AD89}.Debug|iPhone.ActiveCfg = Debug|Any CPU
		{83DD90EC-6D6B-448E-B84C-4C0B1351AD89}.Debug|iPhone.Build.0 = Debug|Any CPU
		{83DD90EC-6D6B-448E-B84C-4C0B1351AD89}.Debug|iPhone.Deploy.0 = Debug|Any CPU
		{83DD90EC-6D6B-448E-B84C-4C0B1351AD89}.Debug|iPhoneSimulator.ActiveCfg = Debug|Any CPU
		{83DD90EC-6D6B-448E-B84C-4C0B1351AD89}.Debug|iPhoneSimulator.Build.0 = Debug|Any CPU
		{83DD90EC-6D6B-448E-B84C-4C0B1351AD89}.Debug|iPhoneSimulator.Deploy.0 = Debug|Any CPU
		{83DD90EC-6D6B-448E-B84C-4C0B1351AD89}.Debug|x64.ActiveCfg = Debug|Any CPU
		{83DD90EC-6D6B-448E-B84C-4C0B1351AD89}.Debug|x64.Build.0 = Debug|Any CPU
		{83DD90EC-6D6B-448E-B84C-4C0B1351AD89}.Debug|x64.Deploy.0 = Debug|Any CPU
		{83DD90EC-6D6B-448E-B84C-4C0B1351AD89}.Debug|x86.ActiveCfg = Debug|Any CPU
		{83DD90EC-6D6B-448E-B84C-4C0B1351AD89}.Debug|x86.Build.0 = Debug|Any CPU
		{83DD90EC-6D6B-448E-B84C-4C0B1351AD89}.Debug|x86.Deploy.0 = Debug|Any CPU
		{83DD90EC-6D6B-448E-B84C-4C0B1351AD89}.Release|Any CPU.ActiveCfg = Release|Any CPU
		{83DD90EC-6D6B-448E-B84C-4C0B1351AD89}.Release|Any CPU.Build.0 = Release|Any CPU
		{83DD90EC-6D6B-448E-B84C-4C0B1351AD89}.Release|Any CPU.Deploy.0 = Release|Any CPU
		{83DD90EC-6D6B-448E-B84C-4C0B1351AD89}.Release|ARM.ActiveCfg = Release|Any CPU
		{83DD90EC-6D6B-448E-B84C-4C0B1351AD89}.Release|ARM.Build.0 = Release|Any CPU
		{83DD90EC-6D6B-448E-B84C-4C0B1351AD89}.Release|ARM.Deploy.0 = Release|Any CPU
		{83DD90EC-6D6B-448E-B84C-4C0B1351AD89}.Release|iPhone.ActiveCfg = Release|Any CPU
		{83DD90EC-6D6B-448E-B84C-4C0B1351AD89}.Release|iPhone.Build.0 = Release|Any CPU
		{83DD90EC-6D6B-448E-B84C-4C0B1351AD89}.Release|iPhone.Deploy.0 = Release|Any CPU
		{83DD90EC-6D6B-448E-B84C-4C0B1351AD89}.Release|iPhoneSimulator.ActiveCfg = Release|Any CPU
		{83DD90EC-6D6B-448E-B84C-4C0B1351AD89}.Release|iPhoneSimulator.Build.0 = Release|Any CPU
		{83DD90EC-6D6B-448E-B84C-4C0B1351AD89}.Release|iPhoneSimulator.Deploy.0 = Release|Any CPU
		{83DD90EC-6D6B-448E-B84C-4C0B1351AD89}.Release|x64.ActiveCfg = Release|Any CPU
		{83DD90EC-6D6B-448E-B84C-4C0B1351AD89}.Release|x64.Build.0 = Release|Any CPU
		{83DD90EC-6D6B-448E-B84C-4C0B1351AD89}.Release|x64.Deploy.0 = Release|Any CPU
		{83DD90EC-6D6B-448E-B84C-4C0B1351AD89}.Release|x86.ActiveCfg = Release|Any CPU
		{83DD90EC-6D6B-448E-B84C-4C0B1351AD89}.Release|x86.Build.0 = Release|Any CPU
		{83DD90EC-6D6B-448E-B84C-4C0B1351AD89}.Release|x86.Deploy.0 = Release|Any CPU
		{DEC82FB8-F5B0-4B26-8F69-52BB8BDB7CB0}.Ad-Hoc|Any CPU.ActiveCfg = Ad-Hoc|iPhone
		{DEC82FB8-F5B0-4B26-8F69-52BB8BDB7CB0}.Ad-Hoc|ARM.ActiveCfg = Ad-Hoc|iPhone
		{DEC82FB8-F5B0-4B26-8F69-52BB8BDB7CB0}.Ad-Hoc|iPhone.ActiveCfg = Ad-Hoc|iPhone
		{DEC82FB8-F5B0-4B26-8F69-52BB8BDB7CB0}.Ad-Hoc|iPhone.Build.0 = Ad-Hoc|iPhone
		{DEC82FB8-F5B0-4B26-8F69-52BB8BDB7CB0}.Ad-Hoc|iPhoneSimulator.ActiveCfg = Ad-Hoc|iPhoneSimulator
		{DEC82FB8-F5B0-4B26-8F69-52BB8BDB7CB0}.Ad-Hoc|iPhoneSimulator.Build.0 = Ad-Hoc|iPhoneSimulator
		{DEC82FB8-F5B0-4B26-8F69-52BB8BDB7CB0}.Ad-Hoc|x64.ActiveCfg = Ad-Hoc|iPhone
		{DEC82FB8-F5B0-4B26-8F69-52BB8BDB7CB0}.Ad-Hoc|x86.ActiveCfg = Ad-Hoc|iPhone
		{DEC82FB8-F5B0-4B26-8F69-52BB8BDB7CB0}.AppStore|Any CPU.ActiveCfg = AppStore|iPhone
		{DEC82FB8-F5B0-4B26-8F69-52BB8BDB7CB0}.AppStore|ARM.ActiveCfg = AppStore|iPhone
		{DEC82FB8-F5B0-4B26-8F69-52BB8BDB7CB0}.AppStore|iPhone.ActiveCfg = AppStore|iPhone
		{DEC82FB8-F5B0-4B26-8F69-52BB8BDB7CB0}.AppStore|iPhone.Build.0 = AppStore|iPhone
		{DEC82FB8-F5B0-4B26-8F69-52BB8BDB7CB0}.AppStore|iPhoneSimulator.ActiveCfg = AppStore|iPhoneSimulator
		{DEC82FB8-F5B0-4B26-8F69-52BB8BDB7CB0}.AppStore|iPhoneSimulator.Build.0 = AppStore|iPhoneSimulator
		{DEC82FB8-F5B0-4B26-8F69-52BB8BDB7CB0}.AppStore|x64.ActiveCfg = AppStore|iPhone
		{DEC82FB8-F5B0-4B26-8F69-52BB8BDB7CB0}.AppStore|x86.ActiveCfg = AppStore|iPhone
		{DEC82FB8-F5B0-4B26-8F69-52BB8BDB7CB0}.Debug|Any CPU.ActiveCfg = Debug|iPhone
		{DEC82FB8-F5B0-4B26-8F69-52BB8BDB7CB0}.Debug|ARM.ActiveCfg = Debug|iPhone
		{DEC82FB8-F5B0-4B26-8F69-52BB8BDB7CB0}.Debug|iPhone.ActiveCfg = Debug|iPhone
		{DEC82FB8-F5B0-4B26-8F69-52BB8BDB7CB0}.Debug|iPhone.Build.0 = Debug|iPhone
		{DEC82FB8-F5B0-4B26-8F69-52BB8BDB7CB0}.Debug|iPhoneSimulator.ActiveCfg = Debug|iPhoneSimulator
		{DEC82FB8-F5B0-4B26-8F69-52BB8BDB7CB0}.Debug|iPhoneSimulator.Build.0 = Debug|iPhoneSimulator
		{DEC82FB8-F5B0-4B26-8F69-52BB8BDB7CB0}.Debug|x64.ActiveCfg = Debug|iPhone
		{DEC82FB8-F5B0-4B26-8F69-52BB8BDB7CB0}.Debug|x86.ActiveCfg = Debug|iPhone
		{DEC82FB8-F5B0-4B26-8F69-52BB8BDB7CB0}.Release|Any CPU.ActiveCfg = Release|iPhone
		{DEC82FB8-F5B0-4B26-8F69-52BB8BDB7CB0}.Release|ARM.ActiveCfg = Release|iPhone
		{DEC82FB8-F5B0-4B26-8F69-52BB8BDB7CB0}.Release|iPhone.ActiveCfg = Release|iPhone
		{DEC82FB8-F5B0-4B26-8F69-52BB8BDB7CB0}.Release|iPhone.Build.0 = Release|iPhone
		{DEC82FB8-F5B0-4B26-8F69-52BB8BDB7CB0}.Release|iPhoneSimulator.ActiveCfg = Release|iPhoneSimulator
		{DEC82FB8-F5B0-4B26-8F69-52BB8BDB7CB0}.Release|iPhoneSimulator.Build.0 = Release|iPhoneSimulator
		{DEC82FB8-F5B0-4B26-8F69-52BB8BDB7CB0}.Release|x64.ActiveCfg = Release|iPhone
		{DEC82FB8-F5B0-4B26-8F69-52BB8BDB7CB0}.Release|x86.ActiveCfg = Release|iPhone
		{DE561B62-61E1-4377-B6DD-DF9A621386AF}.Ad-Hoc|Any CPU.ActiveCfg = Release|x86
		{DE561B62-61E1-4377-B6DD-DF9A621386AF}.Ad-Hoc|Any CPU.Build.0 = Release|x86
		{DE561B62-61E1-4377-B6DD-DF9A621386AF}.Ad-Hoc|Any CPU.Deploy.0 = Release|x86
		{DE561B62-61E1-4377-B6DD-DF9A621386AF}.Ad-Hoc|ARM.ActiveCfg = Release|ARM
		{DE561B62-61E1-4377-B6DD-DF9A621386AF}.Ad-Hoc|ARM.Build.0 = Release|ARM
		{DE561B62-61E1-4377-B6DD-DF9A621386AF}.Ad-Hoc|ARM.Deploy.0 = Release|ARM
		{DE561B62-61E1-4377-B6DD-DF9A621386AF}.Ad-Hoc|iPhone.ActiveCfg = Release|x86
		{DE561B62-61E1-4377-B6DD-DF9A621386AF}.Ad-Hoc|iPhone.Build.0 = Release|x86
		{DE561B62-61E1-4377-B6DD-DF9A621386AF}.Ad-Hoc|iPhone.Deploy.0 = Release|x86
		{DE561B62-61E1-4377-B6DD-DF9A621386AF}.Ad-Hoc|iPhoneSimulator.ActiveCfg = Release|x86
		{DE561B62-61E1-4377-B6DD-DF9A621386AF}.Ad-Hoc|iPhoneSimulator.Build.0 = Release|x86
		{DE561B62-61E1-4377-B6DD-DF9A621386AF}.Ad-Hoc|iPhoneSimulator.Deploy.0 = Release|x86
		{DE561B62-61E1-4377-B6DD-DF9A621386AF}.Ad-Hoc|x64.ActiveCfg = Release|x64
		{DE561B62-61E1-4377-B6DD-DF9A621386AF}.Ad-Hoc|x64.Build.0 = Release|x64
		{DE561B62-61E1-4377-B6DD-DF9A621386AF}.Ad-Hoc|x64.Deploy.0 = Release|x64
		{DE561B62-61E1-4377-B6DD-DF9A621386AF}.Ad-Hoc|x86.ActiveCfg = Release|x86
		{DE561B62-61E1-4377-B6DD-DF9A621386AF}.Ad-Hoc|x86.Build.0 = Release|x86
		{DE561B62-61E1-4377-B6DD-DF9A621386AF}.Ad-Hoc|x86.Deploy.0 = Release|x86
		{DE561B62-61E1-4377-B6DD-DF9A621386AF}.AppStore|Any CPU.ActiveCfg = Release|x86
		{DE561B62-61E1-4377-B6DD-DF9A621386AF}.AppStore|Any CPU.Build.0 = Release|x86
		{DE561B62-61E1-4377-B6DD-DF9A621386AF}.AppStore|Any CPU.Deploy.0 = Release|x86
		{DE561B62-61E1-4377-B6DD-DF9A621386AF}.AppStore|ARM.ActiveCfg = Release|ARM
		{DE561B62-61E1-4377-B6DD-DF9A621386AF}.AppStore|ARM.Build.0 = Release|ARM
		{DE561B62-61E1-4377-B6DD-DF9A621386AF}.AppStore|ARM.Deploy.0 = Release|ARM
		{DE561B62-61E1-4377-B6DD-DF9A621386AF}.AppStore|iPhone.ActiveCfg = Release|x86
		{DE561B62-61E1-4377-B6DD-DF9A621386AF}.AppStore|iPhone.Build.0 = Release|x86
		{DE561B62-61E1-4377-B6DD-DF9A621386AF}.AppStore|iPhone.Deploy.0 = Release|x86
		{DE561B62-61E1-4377-B6DD-DF9A621386AF}.AppStore|iPhoneSimulator.ActiveCfg = Release|x86
		{DE561B62-61E1-4377-B6DD-DF9A621386AF}.AppStore|iPhoneSimulator.Build.0 = Release|x86
		{DE561B62-61E1-4377-B6DD-DF9A621386AF}.AppStore|iPhoneSimulator.Deploy.0 = Release|x86
		{DE561B62-61E1-4377-B6DD-DF9A621386AF}.AppStore|x64.ActiveCfg = Release|x64
		{DE561B62-61E1-4377-B6DD-DF9A621386AF}.AppStore|x64.Build.0 = Release|x64
		{DE561B62-61E1-4377-B6DD-DF9A621386AF}.AppStore|x64.Deploy.0 = Release|x64
		{DE561B62-61E1-4377-B6DD-DF9A621386AF}.AppStore|x86.ActiveCfg = Release|x86
		{DE561B62-61E1-4377-B6DD-DF9A621386AF}.AppStore|x86.Build.0 = Release|x86
		{DE561B62-61E1-4377-B6DD-DF9A621386AF}.AppStore|x86.Deploy.0 = Release|x86
		{DE561B62-61E1-4377-B6DD-DF9A621386AF}.Debug|Any CPU.ActiveCfg = Debug|x86
		{DE561B62-61E1-4377-B6DD-DF9A621386AF}.Debug|ARM.ActiveCfg = Debug|ARM
		{DE561B62-61E1-4377-B6DD-DF9A621386AF}.Debug|ARM.Build.0 = Debug|ARM
		{DE561B62-61E1-4377-B6DD-DF9A621386AF}.Debug|ARM.Deploy.0 = Debug|ARM
		{DE561B62-61E1-4377-B6DD-DF9A621386AF}.Debug|iPhone.ActiveCfg = Debug|x86
		{DE561B62-61E1-4377-B6DD-DF9A621386AF}.Debug|iPhoneSimulator.ActiveCfg = Debug|x86
		{DE561B62-61E1-4377-B6DD-DF9A621386AF}.Debug|x64.ActiveCfg = Debug|x64
		{DE561B62-61E1-4377-B6DD-DF9A621386AF}.Debug|x64.Build.0 = Debug|x64
		{DE561B62-61E1-4377-B6DD-DF9A621386AF}.Debug|x64.Deploy.0 = Debug|x64
		{DE561B62-61E1-4377-B6DD-DF9A621386AF}.Debug|x86.ActiveCfg = Debug|x86
		{DE561B62-61E1-4377-B6DD-DF9A621386AF}.Debug|x86.Build.0 = Debug|x86
		{DE561B62-61E1-4377-B6DD-DF9A621386AF}.Debug|x86.Deploy.0 = Debug|x86
		{DE561B62-61E1-4377-B6DD-DF9A621386AF}.Release|Any CPU.ActiveCfg = Release|x86
		{DE561B62-61E1-4377-B6DD-DF9A621386AF}.Release|ARM.ActiveCfg = Release|ARM
		{DE561B62-61E1-4377-B6DD-DF9A621386AF}.Release|ARM.Build.0 = Release|ARM
		{DE561B62-61E1-4377-B6DD-DF9A621386AF}.Release|ARM.Deploy.0 = Release|ARM
		{DE561B62-61E1-4377-B6DD-DF9A621386AF}.Release|iPhone.ActiveCfg = Release|x86
		{DE561B62-61E1-4377-B6DD-DF9A621386AF}.Release|iPhoneSimulator.ActiveCfg = Release|x86
		{DE561B62-61E1-4377-B6DD-DF9A621386AF}.Release|x64.ActiveCfg = Release|x64
		{DE561B62-61E1-4377-B6DD-DF9A621386AF}.Release|x64.Build.0 = Release|x64
		{DE561B62-61E1-4377-B6DD-DF9A621386AF}.Release|x64.Deploy.0 = Release|x64
		{DE561B62-61E1-4377-B6DD-DF9A621386AF}.Release|x86.ActiveCfg = Release|x86
		{DE561B62-61E1-4377-B6DD-DF9A621386AF}.Release|x86.Build.0 = Release|x86
		{DE561B62-61E1-4377-B6DD-DF9A621386AF}.Release|x86.Deploy.0 = Release|x86
		{6E3500D1-9619-4594-B142-F72DD23983ED}.Ad-Hoc|Any CPU.ActiveCfg = Debug|Any CPU
		{6E3500D1-9619-4594-B142-F72DD23983ED}.Ad-Hoc|Any CPU.Build.0 = Debug|Any CPU
		{6E3500D1-9619-4594-B142-F72DD23983ED}.Ad-Hoc|ARM.ActiveCfg = Debug|Any CPU
		{6E3500D1-9619-4594-B142-F72DD23983ED}.Ad-Hoc|ARM.Build.0 = Debug|Any CPU
		{6E3500D1-9619-4594-B142-F72DD23983ED}.Ad-Hoc|iPhone.ActiveCfg = Debug|Any CPU
		{6E3500D1-9619-4594-B142-F72DD23983ED}.Ad-Hoc|iPhone.Build.0 = Debug|Any CPU
		{6E3500D1-9619-4594-B142-F72DD23983ED}.Ad-Hoc|iPhoneSimulator.ActiveCfg = Debug|Any CPU
		{6E3500D1-9619-4594-B142-F72DD23983ED}.Ad-Hoc|iPhoneSimulator.Build.0 = Debug|Any CPU
		{6E3500D1-9619-4594-B142-F72DD23983ED}.Ad-Hoc|x64.ActiveCfg = Debug|Any CPU
		{6E3500D1-9619-4594-B142-F72DD23983ED}.Ad-Hoc|x64.Build.0 = Debug|Any CPU
		{6E3500D1-9619-4594-B142-F72DD23983ED}.Ad-Hoc|x86.ActiveCfg = Debug|Any CPU
		{6E3500D1-9619-4594-B142-F72DD23983ED}.Ad-Hoc|x86.Build.0 = Debug|Any CPU
		{6E3500D1-9619-4594-B142-F72DD23983ED}.AppStore|Any CPU.ActiveCfg = Debug|Any CPU
		{6E3500D1-9619-4594-B142-F72DD23983ED}.AppStore|Any CPU.Build.0 = Debug|Any CPU
		{6E3500D1-9619-4594-B142-F72DD23983ED}.AppStore|ARM.ActiveCfg = Debug|Any CPU
		{6E3500D1-9619-4594-B142-F72DD23983ED}.AppStore|ARM.Build.0 = Debug|Any CPU
		{6E3500D1-9619-4594-B142-F72DD23983ED}.AppStore|iPhone.ActiveCfg = Debug|Any CPU
		{6E3500D1-9619-4594-B142-F72DD23983ED}.AppStore|iPhone.Build.0 = Debug|Any CPU
		{6E3500D1-9619-4594-B142-F72DD23983ED}.AppStore|iPhoneSimulator.ActiveCfg = Debug|Any CPU
		{6E3500D1-9619-4594-B142-F72DD23983ED}.AppStore|iPhoneSimulator.Build.0 = Debug|Any CPU
		{6E3500D1-9619-4594-B142-F72DD23983ED}.AppStore|x64.ActiveCfg = Debug|Any CPU
		{6E3500D1-9619-4594-B142-F72DD23983ED}.AppStore|x64.Build.0 = Debug|Any CPU
		{6E3500D1-9619-4594-B142-F72DD23983ED}.AppStore|x86.ActiveCfg = Debug|Any CPU
		{6E3500D1-9619-4594-B142-F72DD23983ED}.AppStore|x86.Build.0 = Debug|Any CPU
		{6E3500D1-9619-4594-B142-F72DD23983ED}.Debug|Any CPU.ActiveCfg = Debug|Any CPU
		{6E3500D1-9619-4594-B142-F72DD23983ED}.Debug|Any CPU.Build.0 = Debug|Any CPU
		{6E3500D1-9619-4594-B142-F72DD23983ED}.Debug|ARM.ActiveCfg = Debug|Any CPU
		{6E3500D1-9619-4594-B142-F72DD23983ED}.Debug|ARM.Build.0 = Debug|Any CPU
		{6E3500D1-9619-4594-B142-F72DD23983ED}.Debug|iPhone.ActiveCfg = Debug|Any CPU
		{6E3500D1-9619-4594-B142-F72DD23983ED}.Debug|iPhone.Build.0 = Debug|Any CPU
		{6E3500D1-9619-4594-B142-F72DD23983ED}.Debug|iPhoneSimulator.ActiveCfg = Debug|Any CPU
		{6E3500D1-9619-4594-B142-F72DD23983ED}.Debug|iPhoneSimulator.Build.0 = Debug|Any CPU
		{6E3500D1-9619-4594-B142-F72DD23983ED}.Debug|x64.ActiveCfg = Debug|Any CPU
		{6E3500D1-9619-4594-B142-F72DD23983ED}.Debug|x64.Build.0 = Debug|Any CPU
		{6E3500D1-9619-4594-B142-F72DD23983ED}.Debug|x86.ActiveCfg = Debug|Any CPU
		{6E3500D1-9619-4594-B142-F72DD23983ED}.Debug|x86.Build.0 = Debug|Any CPU
		{6E3500D1-9619-4594-B142-F72DD23983ED}.Release|Any CPU.ActiveCfg = Release|Any CPU
		{6E3500D1-9619-4594-B142-F72DD23983ED}.Release|Any CPU.Build.0 = Release|Any CPU
		{6E3500D1-9619-4594-B142-F72DD23983ED}.Release|ARM.ActiveCfg = Release|Any CPU
		{6E3500D1-9619-4594-B142-F72DD23983ED}.Release|ARM.Build.0 = Release|Any CPU
		{6E3500D1-9619-4594-B142-F72DD23983ED}.Release|iPhone.ActiveCfg = Release|Any CPU
		{6E3500D1-9619-4594-B142-F72DD23983ED}.Release|iPhone.Build.0 = Release|Any CPU
		{6E3500D1-9619-4594-B142-F72DD23983ED}.Release|iPhoneSimulator.ActiveCfg = Release|Any CPU
		{6E3500D1-9619-4594-B142-F72DD23983ED}.Release|iPhoneSimulator.Build.0 = Release|Any CPU
		{6E3500D1-9619-4594-B142-F72DD23983ED}.Release|x64.ActiveCfg = Release|Any CPU
		{6E3500D1-9619-4594-B142-F72DD23983ED}.Release|x64.Build.0 = Release|Any CPU
		{6E3500D1-9619-4594-B142-F72DD23983ED}.Release|x86.ActiveCfg = Release|Any CPU
		{6E3500D1-9619-4594-B142-F72DD23983ED}.Release|x86.Build.0 = Release|Any CPU
	EndGlobalSection
	GlobalSection(SolutionProperties) = preSolution
		HideSolutionNode = FALSE
	EndGlobalSection
	GlobalSection(NestedProjects) = preSolution
		{83DD90EC-6D6B-448E-B84C-4C0B1351AD89} = {4A7D5131-8D63-44B9-B223-34FC0BFFD421}
		{DEC82FB8-F5B0-4B26-8F69-52BB8BDB7CB0} = {4A7D5131-8D63-44B9-B223-34FC0BFFD421}
		{DE561B62-61E1-4377-B6DD-DF9A621386AF} = {4A7D5131-8D63-44B9-B223-34FC0BFFD421}
		{6E3500D1-9619-4594-B142-F72DD23983ED} = {4A7D5131-8D63-44B9-B223-34FC0BFFD421}
	EndGlobalSection
	GlobalSection(ExtensibilityGlobals) = postSolution
		SolutionGuid = {034BC331-4D00-43CD-BFBD-1078D810470C}
	EndGlobalSection
EndGlobal
