
Microsoft Visual Studio Solution File, Format Version 12.00
# Visual Studio 15
VisualStudioVersion = 15.0.26403.7
MinimumVisualStudioVersion = 10.0.40219.1
Project("{FAE04EC0-301F-11D3-BF4B-00C04F79EFBC}") = "App1.Android", "App1\App1.Android\App1.Android.csproj", "{F2C0AD41-DCDA-4DA7-9690-83E2D264A13B}"
EndProject
Project("{FAE04EC0-301F-11D3-BF4B-00C04F79EFBC}") = "App1", "App1\App1\App1.csproj", "{31CDF3F3-4376-4A5C-83DE-C99BEEF50CD3}"
EndProject
Project("{FAE04EC0-301F-11D3-BF4B-00C04F79EFBC}") = "App1.UWP", "App1\App1.UWP\App1.UWP.csproj", "{B15F67C3-5B2D-4B6C-AD77-88BA79C0CD12}"
EndProject
Project("{FAE04EC0-301F-11D3-BF4B-00C04F79EFBC}") = "App1.iOS", "App1\App1.iOS\App1.iOS.csproj", "{82D312CE-5A46-4C20-80E0-79976A219238}"
EndProject
Global
	GlobalSection(SolutionConfigurationPlatforms) = preSolution
		Ad-Hoc|Any CPU = Ad-Hoc|Any CPU
		Ad-Hoc|ARM = Ad-Hoc|ARM
		Ad-Hoc|iPhone = Ad-Hoc|iPhone
		Ad-Hoc|iPhoneSimulator = Ad-Hoc|iPhoneSimulator
		Ad-Hoc|x64 = Ad-Hoc|x64
		Ad-Hoc|x86 = Ad-Hoc|x86
		AppStore|Any CPU = AppStore|Any CPU
		AppStore|ARM = AppStore|ARM
		AppStore|iPhone = AppStore|iPhone
		AppStore|iPhoneSimulator = AppStore|iPhoneSimulator
		AppStore|x64 = AppStore|x64
		AppStore|x86 = AppStore|x86
		Debug|Any CPU = Debug|Any CPU
		Debug|ARM = Debug|ARM
		Debug|iPhone = Debug|iPhone
		Debug|iPhoneSimulator = Debug|iPhoneSimulator
		Debug|x64 = Debug|x64
		Debug|x86 = Debug|x86
		Release|Any CPU = Release|Any CPU
		Release|ARM = Release|ARM
		Release|iPhone = Release|iPhone
		Release|iPhoneSimulator = Release|iPhoneSimulator
		Release|x64 = Release|x64
		Release|x86 = Release|x86
	EndGlobalSection
	GlobalSection(ProjectConfigurationPlatforms) = postSolution
		{F2C0AD41-DCDA-4DA7-9690-83E2D264A13B}.Ad-Hoc|Any CPU.ActiveCfg = Release|Any CPU
		{F2C0AD41-DCDA-4DA7-9690-83E2D264A13B}.Ad-Hoc|Any CPU.Build.0 = Release|Any CPU
		{F2C0AD41-DCDA-4DA7-9690-83E2D264A13B}.Ad-Hoc|Any CPU.Deploy.0 = Release|Any CPU
		{F2C0AD41-DCDA-4DA7-9690-83E2D264A13B}.Ad-Hoc|ARM.ActiveCfg = Release|Any CPU
		{F2C0AD41-DCDA-4DA7-9690-83E2D264A13B}.Ad-Hoc|ARM.Build.0 = Release|Any CPU
		{F2C0AD41-DCDA-4DA7-9690-83E2D264A13B}.Ad-Hoc|ARM.Deploy.0 = Release|Any CPU
		{F2C0AD41-DCDA-4DA7-9690-83E2D264A13B}.Ad-Hoc|iPhone.ActiveCfg = Release|Any CPU
		{F2C0AD41-DCDA-4DA7-9690-83E2D264A13B}.Ad-Hoc|iPhone.Build.0 = Release|Any CPU
		{F2C0AD41-DCDA-4DA7-9690-83E2D264A13B}.Ad-Hoc|iPhone.Deploy.0 = Release|Any CPU
		{F2C0AD41-DCDA-4DA7-9690-83E2D264A13B}.Ad-Hoc|iPhoneSimulator.ActiveCfg = Release|Any CPU
		{F2C0AD41-DCDA-4DA7-9690-83E2D264A13B}.Ad-Hoc|iPhoneSimulator.Build.0 = Release|Any CPU
		{F2C0AD41-DCDA-4DA7-9690-83E2D264A13B}.Ad-Hoc|iPhoneSimulator.Deploy.0 = Release|Any CPU
		{F2C0AD41-DCDA-4DA7-9690-83E2D264A13B}.Ad-Hoc|x64.ActiveCfg = Release|Any CPU
		{F2C0AD41-DCDA-4DA7-9690-83E2D264A13B}.Ad-Hoc|x64.Build.0 = Release|Any CPU
		{F2C0AD41-DCDA-4DA7-9690-83E2D264A13B}.Ad-Hoc|x64.Deploy.0 = Release|Any CPU
		{F2C0AD41-DCDA-4DA7-9690-83E2D264A13B}.Ad-Hoc|x86.ActiveCfg = Release|Any CPU
		{F2C0AD41-DCDA-4DA7-9690-83E2D264A13B}.Ad-Hoc|x86.Build.0 = Release|Any CPU
		{F2C0AD41-DCDA-4DA7-9690-83E2D264A13B}.Ad-Hoc|x86.Deploy.0 = Release|Any CPU
		{F2C0AD41-DCDA-4DA7-9690-83E2D264A13B}.AppStore|Any CPU.ActiveCfg = Release|Any CPU
		{F2C0AD41-DCDA-4DA7-9690-83E2D264A13B}.AppStore|Any CPU.Build.0 = Release|Any CPU
		{F2C0AD41-DCDA-4DA7-9690-83E2D264A13B}.AppStore|Any CPU.Deploy.0 = Release|Any CPU
		{F2C0AD41-DCDA-4DA7-9690-83E2D264A13B}.AppStore|ARM.ActiveCfg = Release|Any CPU
		{F2C0AD41-DCDA-4DA7-9690-83E2D264A13B}.AppStore|ARM.Build.0 = Release|Any CPU
		{F2C0AD41-DCDA-4DA7-9690-83E2D264A13B}.AppStore|ARM.Deploy.0 = Release|Any CPU
		{F2C0AD41-DCDA-4DA7-9690-83E2D264A13B}.AppStore|iPhone.ActiveCfg = Release|Any CPU
		{F2C0AD41-DCDA-4DA7-9690-83E2D264A13B}.AppStore|iPhone.Build.0 = Release|Any CPU
		{F2C0AD41-DCDA-4DA7-9690-83E2D264A13B}.AppStore|iPhone.Deploy.0 = Release|Any CPU
		{F2C0AD41-DCDA-4DA7-9690-83E2D264A13B}.AppStore|iPhoneSimulator.ActiveCfg = Release|Any CPU
		{F2C0AD41-DCDA-4DA7-9690-83E2D264A13B}.AppStore|iPhoneSimulator.Build.0 = Release|Any CPU
		{F2C0AD41-DCDA-4DA7-9690-83E2D264A13B}.AppStore|iPhoneSimulator.Deploy.0 = Release|Any CPU
		{F2C0AD41-DCDA-4DA7-9690-83E2D264A13B}.AppStore|x64.ActiveCfg = Release|Any CPU
		{F2C0AD41-DCDA-4DA7-9690-83E2D264A13B}.AppStore|x64.Build.0 = Release|Any CPU
		{F2C0AD41-DCDA-4DA7-9690-83E2D264A13B}.AppStore|x64.Deploy.0 = Release|Any CPU
		{F2C0AD41-DCDA-4DA7-9690-83E2D264A13B}.AppStore|x86.ActiveCfg = Release|Any CPU
		{F2C0AD41-DCDA-4DA7-9690-83E2D264A13B}.AppStore|x86.Build.0 = Release|Any CPU
		{F2C0AD41-DCDA-4DA7-9690-83E2D264A13B}.AppStore|x86.Deploy.0 = Release|Any CPU
		{F2C0AD41-DCDA-4DA7-9690-83E2D264A13B}.Debug|Any CPU.ActiveCfg = Debug|Any CPU
		{F2C0AD41-DCDA-4DA7-9690-83E2D264A13B}.Debug|Any CPU.Build.0 = Debug|Any CPU
		{F2C0AD41-DCDA-4DA7-9690-83E2D264A13B}.Debug|Any CPU.Deploy.0 = Debug|Any CPU
		{F2C0AD41-DCDA-4DA7-9690-83E2D264A13B}.Debug|ARM.ActiveCfg = Debug|Any CPU
		{F2C0AD41-DCDA-4DA7-9690-83E2D264A13B}.Debug|ARM.Build.0 = Debug|Any CPU
		{F2C0AD41-DCDA-4DA7-9690-83E2D264A13B}.Debug|ARM.Deploy.0 = Debug|Any CPU
		{F2C0AD41-DCDA-4DA7-9690-83E2D264A13B}.Debug|iPhone.ActiveCfg = Debug|Any CPU
		{F2C0AD41-DCDA-4DA7-9690-83E2D264A13B}.Debug|iPhone.Build.0 = Debug|Any CPU
		{F2C0AD41-DCDA-4DA7-9690-83E2D264A13B}.Debug|iPhone.Deploy.0 = Debug|Any CPU
		{F2C0AD41-DCDA-4DA7-9690-83E2D264A13B}.Debug|iPhoneSimulator.ActiveCfg = Debug|Any CPU
		{F2C0AD41-DCDA-4DA7-9690-83E2D264A13B}.Debug|iPhoneSimulator.Build.0 = Debug|Any CPU
		{F2C0AD41-DCDA-4DA7-9690-83E2D264A13B}.Debug|iPhoneSimulator.Deploy.0 = Debug|Any CPU
		{F2C0AD41-DCDA-4DA7-9690-83E2D264A13B}.Debug|x64.ActiveCfg = Debug|Any CPU
		{F2C0AD41-DCDA-4DA7-9690-83E2D264A13B}.Debug|x64.Build.0 = Debug|Any CPU
		{F2C0AD41-DCDA-4DA7-9690-83E2D264A13B}.Debug|x64.Deploy.0 = Debug|Any CPU
		{F2C0AD41-DCDA-4DA7-9690-83E2D264A13B}.Debug|x86.ActiveCfg = Debug|Any CPU
		{F2C0AD41-DCDA-4DA7-9690-83E2D264A13B}.Debug|x86.Build.0 = Debug|Any CPU
		{F2C0AD41-DCDA-4DA7-9690-83E2D264A13B}.Debug|x86.Deploy.0 = Debug|Any CPU
		{F2C0AD41-DCDA-4DA7-9690-83E2D264A13B}.Release|Any CPU.ActiveCfg = Release|Any CPU
		{F2C0AD41-DCDA-4DA7-9690-83E2D264A13B}.Release|Any CPU.Build.0 = Release|Any CPU
		{F2C0AD41-DCDA-4DA7-9690-83E2D264A13B}.Release|Any CPU.Deploy.0 = Release|Any CPU
		{F2C0AD41-DCDA-4DA7-9690-83E2D264A13B}.Release|ARM.ActiveCfg = Release|Any CPU
		{F2C0AD41-DCDA-4DA7-9690-83E2D264A13B}.Release|ARM.Build.0 = Release|Any CPU
		{F2C0AD41-DCDA-4DA7-9690-83E2D264A13B}.Release|ARM.Deploy.0 = Release|Any CPU
		{F2C0AD41-DCDA-4DA7-9690-83E2D264A13B}.Release|iPhone.ActiveCfg = Release|Any CPU
		{F2C0AD41-DCDA-4DA7-9690-83E2D264A13B}.Release|iPhone.Build.0 = Release|Any CPU
		{F2C0AD41-DCDA-4DA7-9690-83E2D264A13B}.Release|iPhone.Deploy.0 = Release|Any CPU
		{F2C0AD41-DCDA-4DA7-9690-83E2D264A13B}.Release|iPhoneSimulator.ActiveCfg = Release|Any CPU
		{F2C0AD41-DCDA-4DA7-9690-83E2D264A13B}.Release|iPhoneSimulator.Build.0 = Release|Any CPU
		{F2C0AD41-DCDA-4DA7-9690-83E2D264A13B}.Release|iPhoneSimulator.Deploy.0 = Release|Any CPU
		{F2C0AD41-DCDA-4DA7-9690-83E2D264A13B}.Release|x64.ActiveCfg = Release|Any CPU
		{F2C0AD41-DCDA-4DA7-9690-83E2D264A13B}.Release|x64.Build.0 = Release|Any CPU
		{F2C0AD41-DCDA-4DA7-9690-83E2D264A13B}.Release|x64.Deploy.0 = Release|Any CPU
		{F2C0AD41-DCDA-4DA7-9690-83E2D264A13B}.Release|x86.ActiveCfg = Release|Any CPU
		{F2C0AD41-DCDA-4DA7-9690-83E2D264A13B}.Release|x86.Build.0 = Release|Any CPU
		{F2C0AD41-DCDA-4DA7-9690-83E2D264A13B}.Release|x86.Deploy.0 = Release|Any CPU
		{31CDF3F3-4376-4A5C-83DE-C99BEEF50CD3}.Ad-Hoc|Any CPU.ActiveCfg = Release|Any CPU
		{31CDF3F3-4376-4A5C-83DE-C99BEEF50CD3}.Ad-Hoc|Any CPU.Build.0 = Release|Any CPU
		{31CDF3F3-4376-4A5C-83DE-C99BEEF50CD3}.Ad-Hoc|ARM.ActiveCfg = Release|Any CPU
		{31CDF3F3-4376-4A5C-83DE-C99BEEF50CD3}.Ad-Hoc|ARM.Build.0 = Release|Any CPU
		{31CDF3F3-4376-4A5C-83DE-C99BEEF50CD3}.Ad-Hoc|iPhone.ActiveCfg = Release|Any CPU
		{31CDF3F3-4376-4A5C-83DE-C99BEEF50CD3}.Ad-Hoc|iPhone.Build.0 = Release|Any CPU
		{31CDF3F3-4376-4A5C-83DE-C99BEEF50CD3}.Ad-Hoc|iPhoneSimulator.ActiveCfg = Release|Any CPU
		{31CDF3F3-4376-4A5C-83DE-C99BEEF50CD3}.Ad-Hoc|iPhoneSimulator.Build.0 = Release|Any CPU
		{31CDF3F3-4376-4A5C-83DE-C99BEEF50CD3}.Ad-Hoc|x64.ActiveCfg = Release|Any CPU
		{31CDF3F3-4376-4A5C-83DE-C99BEEF50CD3}.Ad-Hoc|x64.Build.0 = Release|Any CPU
		{31CDF3F3-4376-4A5C-83DE-C99BEEF50CD3}.Ad-Hoc|x86.ActiveCfg = Release|Any CPU
		{31CDF3F3-4376-4A5C-83DE-C99BEEF50CD3}.Ad-Hoc|x86.Build.0 = Release|Any CPU
		{31CDF3F3-4376-4A5C-83DE-C99BEEF50CD3}.AppStore|Any CPU.ActiveCfg = Release|Any CPU
		{31CDF3F3-4376-4A5C-83DE-C99BEEF50CD3}.AppStore|Any CPU.Build.0 = Release|Any CPU
		{31CDF3F3-4376-4A5C-83DE-C99BEEF50CD3}.AppStore|ARM.ActiveCfg = Release|Any CPU
		{31CDF3F3-4376-4A5C-83DE-C99BEEF50CD3}.AppStore|ARM.Build.0 = Release|Any CPU
		{31CDF3F3-4376-4A5C-83DE-C99BEEF50CD3}.AppStore|iPhone.ActiveCfg = Release|Any CPU
		{31CDF3F3-4376-4A5C-83DE-C99BEEF50CD3}.AppStore|iPhone.Build.0 = Release|Any CPU
		{31CDF3F3-4376-4A5C-83DE-C99BEEF50CD3}.AppStore|iPhoneSimulator.ActiveCfg = Release|Any CPU
		{31CDF3F3-4376-4A5C-83DE-C99BEEF50CD3}.AppStore|iPhoneSimulator.Build.0 = Release|Any CPU
		{31CDF3F3-4376-4A5C-83DE-C99BEEF50CD3}.AppStore|x64.ActiveCfg = Release|Any CPU
		{31CDF3F3-4376-4A5C-83DE-C99BEEF50CD3}.AppStore|x64.Build.0 = Release|Any CPU
		{31CDF3F3-4376-4A5C-83DE-C99BEEF50CD3}.AppStore|x86.ActiveCfg = Release|Any CPU
		{31CDF3F3-4376-4A5C-83DE-C99BEEF50CD3}.AppStore|x86.Build.0 = Release|Any CPU
		{31CDF3F3-4376-4A5C-83DE-C99BEEF50CD3}.Debug|Any CPU.ActiveCfg = Debug|Any CPU
		{31CDF3F3-4376-4A5C-83DE-C99BEEF50CD3}.Debug|Any CPU.Build.0 = Debug|Any CPU
		{31CDF3F3-4376-4A5C-83DE-C99BEEF50CD3}.Debug|ARM.ActiveCfg = Debug|Any CPU
		{31CDF3F3-4376-4A5C-83DE-C99BEEF50CD3}.Debug|ARM.Build.0 = Debug|Any CPU
		{31CDF3F3-4376-4A5C-83DE-C99BEEF50CD3}.Debug|iPhone.ActiveCfg = Debug|Any CPU
		{31CDF3F3-4376-4A5C-83DE-C99BEEF50CD3}.Debug|iPhone.Build.0 = Debug|Any CPU
		{31CDF3F3-4376-4A5C-83DE-C99BEEF50CD3}.Debug|iPhoneSimulator.ActiveCfg = Debug|Any CPU
		{31CDF3F3-4376-4A5C-83DE-C99BEEF50CD3}.Debug|iPhoneSimulator.Build.0 = Debug|Any CPU
		{31CDF3F3-4376-4A5C-83DE-C99BEEF50CD3}.Debug|x64.ActiveCfg = Debug|Any CPU
		{31CDF3F3-4376-4A5C-83DE-C99BEEF50CD3}.Debug|x64.Build.0 = Debug|Any CPU
		{31CDF3F3-4376-4A5C-83DE-C99BEEF50CD3}.Debug|x86.ActiveCfg = Debug|Any CPU
		{31CDF3F3-4376-4A5C-83DE-C99BEEF50CD3}.Debug|x86.Build.0 = Debug|Any CPU
		{31CDF3F3-4376-4A5C-83DE-C99BEEF50CD3}.Release|Any CPU.ActiveCfg = Release|Any CPU
		{31CDF3F3-4376-4A5C-83DE-C99BEEF50CD3}.Release|Any CPU.Build.0 = Release|Any CPU
		{31CDF3F3-4376-4A5C-83DE-C99BEEF50CD3}.Release|ARM.ActiveCfg = Release|Any CPU
		{31CDF3F3-4376-4A5C-83DE-C99BEEF50CD3}.Release|ARM.Build.0 = Release|Any CPU
		{31CDF3F3-4376-4A5C-83DE-C99BEEF50CD3}.Release|iPhone.ActiveCfg = Release|Any CPU
		{31CDF3F3-4376-4A5C-83DE-C99BEEF50CD3}.Release|iPhone.Build.0 = Release|Any CPU
		{31CDF3F3-4376-4A5C-83DE-C99BEEF50CD3}.Release|iPhoneSimulator.ActiveCfg = Release|Any CPU
		{31CDF3F3-4376-4A5C-83DE-C99BEEF50CD3}.Release|iPhoneSimulator.Build.0 = Release|Any CPU
		{31CDF3F3-4376-4A5C-83DE-C99BEEF50CD3}.Release|x64.ActiveCfg = Release|Any CPU
		{31CDF3F3-4376-4A5C-83DE-C99BEEF50CD3}.Release|x64.Build.0 = Release|Any CPU
		{31CDF3F3-4376-4A5C-83DE-C99BEEF50CD3}.Release|x86.ActiveCfg = Release|Any CPU
		{31CDF3F3-4376-4A5C-83DE-C99BEEF50CD3}.Release|x86.Build.0 = Release|Any CPU
		{B15F67C3-5B2D-4B6C-AD77-88BA79C0CD12}.Ad-Hoc|Any CPU.ActiveCfg = Release|x86
		{B15F67C3-5B2D-4B6C-AD77-88BA79C0CD12}.Ad-Hoc|Any CPU.Build.0 = Release|x86
		{B15F67C3-5B2D-4B6C-AD77-88BA79C0CD12}.Ad-Hoc|Any CPU.Deploy.0 = Release|x86
		{B15F67C3-5B2D-4B6C-AD77-88BA79C0CD12}.Ad-Hoc|ARM.ActiveCfg = Release|ARM
		{B15F67C3-5B2D-4B6C-AD77-88BA79C0CD12}.Ad-Hoc|ARM.Build.0 = Release|ARM
		{B15F67C3-5B2D-4B6C-AD77-88BA79C0CD12}.Ad-Hoc|ARM.Deploy.0 = Release|ARM
		{B15F67C3-5B2D-4B6C-AD77-88BA79C0CD12}.Ad-Hoc|iPhone.ActiveCfg = Release|x86
		{B15F67C3-5B2D-4B6C-AD77-88BA79C0CD12}.Ad-Hoc|iPhone.Build.0 = Release|x86
		{B15F67C3-5B2D-4B6C-AD77-88BA79C0CD12}.Ad-Hoc|iPhone.Deploy.0 = Release|x86
		{B15F67C3-5B2D-4B6C-AD77-88BA79C0CD12}.Ad-Hoc|iPhoneSimulator.ActiveCfg = Release|x86
		{B15F67C3-5B2D-4B6C-AD77-88BA79C0CD12}.Ad-Hoc|iPhoneSimulator.Build.0 = Release|x86
		{B15F67C3-5B2D-4B6C-AD77-88BA79C0CD12}.Ad-Hoc|iPhoneSimulator.Deploy.0 = Release|x86
		{B15F67C3-5B2D-4B6C-AD77-88BA79C0CD12}.Ad-Hoc|x64.ActiveCfg = Release|x64
		{B15F67C3-5B2D-4B6C-AD77-88BA79C0CD12}.Ad-Hoc|x64.Build.0 = Release|x64
		{B15F67C3-5B2D-4B6C-AD77-88BA79C0CD12}.Ad-Hoc|x64.Deploy.0 = Release|x64
		{B15F67C3-5B2D-4B6C-AD77-88BA79C0CD12}.Ad-Hoc|x86.ActiveCfg = Release|x86
		{B15F67C3-5B2D-4B6C-AD77-88BA79C0CD12}.Ad-Hoc|x86.Build.0 = Release|x86
		{B15F67C3-5B2D-4B6C-AD77-88BA79C0CD12}.Ad-Hoc|x86.Deploy.0 = Release|x86
		{B15F67C3-5B2D-4B6C-AD77-88BA79C0CD12}.AppStore|Any CPU.ActiveCfg = Release|x86
		{B15F67C3-5B2D-4B6C-AD77-88BA79C0CD12}.AppStore|Any CPU.Build.0 = Release|x86
		{B15F67C3-5B2D-4B6C-AD77-88BA79C0CD12}.AppStore|Any CPU.Deploy.0 = Release|x86
		{B15F67C3-5B2D-4B6C-AD77-88BA79C0CD12}.AppStore|ARM.ActiveCfg = Release|ARM
		{B15F67C3-5B2D-4B6C-AD77-88BA79C0CD12}.AppStore|ARM.Build.0 = Release|ARM
		{B15F67C3-5B2D-4B6C-AD77-88BA79C0CD12}.AppStore|ARM.Deploy.0 = Release|ARM
		{B15F67C3-5B2D-4B6C-AD77-88BA79C0CD12}.AppStore|iPhone.ActiveCfg = Release|x86
		{B15F67C3-5B2D-4B6C-AD77-88BA79C0CD12}.AppStore|iPhone.Build.0 = Release|x86
		{B15F67C3-5B2D-4B6C-AD77-88BA79C0CD12}.AppStore|iPhone.Deploy.0 = Release|x86
		{B15F67C3-5B2D-4B6C-AD77-88BA79C0CD12}.AppStore|iPhoneSimulator.ActiveCfg = Release|x86
		{B15F67C3-5B2D-4B6C-AD77-88BA79C0CD12}.AppStore|iPhoneSimulator.Build.0 = Release|x86
		{B15F67C3-5B2D-4B6C-AD77-88BA79C0CD12}.AppStore|iPhoneSimulator.Deploy.0 = Release|x86
		{B15F67C3-5B2D-4B6C-AD77-88BA79C0CD12}.AppStore|x64.ActiveCfg = Release|x64
		{B15F67C3-5B2D-4B6C-AD77-88BA79C0CD12}.AppStore|x64.Build.0 = Release|x64
		{B15F67C3-5B2D-4B6C-AD77-88BA79C0CD12}.AppStore|x64.Deploy.0 = Release|x64
		{B15F67C3-5B2D-4B6C-AD77-88BA79C0CD12}.AppStore|x86.ActiveCfg = Release|x86
		{B15F67C3-5B2D-4B6C-AD77-88BA79C0CD12}.AppStore|x86.Build.0 = Release|x86
		{B15F67C3-5B2D-4B6C-AD77-88BA79C0CD12}.AppStore|x86.Deploy.0 = Release|x86
		{B15F67C3-5B2D-4B6C-AD77-88BA79C0CD12}.Debug|Any CPU.ActiveCfg = Debug|x86
		{B15F67C3-5B2D-4B6C-AD77-88BA79C0CD12}.Debug|ARM.ActiveCfg = Debug|ARM
		{B15F67C3-5B2D-4B6C-AD77-88BA79C0CD12}.Debug|ARM.Build.0 = Debug|ARM
		{B15F67C3-5B2D-4B6C-AD77-88BA79C0CD12}.Debug|ARM.Deploy.0 = Debug|ARM
		{B15F67C3-5B2D-4B6C-AD77-88BA79C0CD12}.Debug|iPhone.ActiveCfg = Debug|x86
		{B15F67C3-5B2D-4B6C-AD77-88BA79C0CD12}.Debug|iPhoneSimulator.ActiveCfg = Debug|x86
		{B15F67C3-5B2D-4B6C-AD77-88BA79C0CD12}.Debug|x64.ActiveCfg = Debug|x64
		{B15F67C3-5B2D-4B6C-AD77-88BA79C0CD12}.Debug|x64.Build.0 = Debug|x64
		{B15F67C3-5B2D-4B6C-AD77-88BA79C0CD12}.Debug|x64.Deploy.0 = Debug|x64
		{B15F67C3-5B2D-4B6C-AD77-88BA79C0CD12}.Debug|x86.ActiveCfg = Debug|x86
		{B15F67C3-5B2D-4B6C-AD77-88BA79C0CD12}.Debug|x86.Build.0 = Debug|x86
		{B15F67C3-5B2D-4B6C-AD77-88BA79C0CD12}.Debug|x86.Deploy.0 = Debug|x86
		{B15F67C3-5B2D-4B6C-AD77-88BA79C0CD12}.Release|Any CPU.ActiveCfg = Release|x86
		{B15F67C3-5B2D-4B6C-AD77-88BA79C0CD12}.Release|ARM.ActiveCfg = Release|ARM
		{B15F67C3-5B2D-4B6C-AD77-88BA79C0CD12}.Release|ARM.Build.0 = Release|ARM
		{B15F67C3-5B2D-4B6C-AD77-88BA79C0CD12}.Release|ARM.Deploy.0 = Release|ARM
		{B15F67C3-5B2D-4B6C-AD77-88BA79C0CD12}.Release|iPhone.ActiveCfg = Release|x86
		{B15F67C3-5B2D-4B6C-AD77-88BA79C0CD12}.Release|iPhoneSimulator.ActiveCfg = Release|x86
		{B15F67C3-5B2D-4B6C-AD77-88BA79C0CD12}.Release|x64.ActiveCfg = Release|x64
		{B15F67C3-5B2D-4B6C-AD77-88BA79C0CD12}.Release|x64.Build.0 = Release|x64
		{B15F67C3-5B2D-4B6C-AD77-88BA79C0CD12}.Release|x64.Deploy.0 = Release|x64
		{B15F67C3-5B2D-4B6C-AD77-88BA79C0CD12}.Release|x86.ActiveCfg = Release|x86
		{B15F67C3-5B2D-4B6C-AD77-88BA79C0CD12}.Release|x86.Build.0 = Release|x86
		{B15F67C3-5B2D-4B6C-AD77-88BA79C0CD12}.Release|x86.Deploy.0 = Release|x86
		{82D312CE-5A46-4C20-80E0-79976A219238}.Ad-Hoc|Any CPU.ActiveCfg = Ad-Hoc|iPhone
		{82D312CE-5A46-4C20-80E0-79976A219238}.Ad-Hoc|ARM.ActiveCfg = Ad-Hoc|iPhone
		{82D312CE-5A46-4C20-80E0-79976A219238}.Ad-Hoc|iPhone.ActiveCfg = Ad-Hoc|iPhone
		{82D312CE-5A46-4C20-80E0-79976A219238}.Ad-Hoc|iPhone.Build.0 = Ad-Hoc|iPhone
		{82D312CE-5A46-4C20-80E0-79976A219238}.Ad-Hoc|iPhoneSimulator.ActiveCfg = Ad-Hoc|iPhoneSimulator
		{82D312CE-5A46-4C20-80E0-79976A219238}.Ad-Hoc|iPhoneSimulator.Build.0 = Ad-Hoc|iPhoneSimulator
		{82D312CE-5A46-4C20-80E0-79976A219238}.Ad-Hoc|x64.ActiveCfg = Ad-Hoc|iPhone
		{82D312CE-5A46-4C20-80E0-79976A219238}.Ad-Hoc|x86.ActiveCfg = Ad-Hoc|iPhone
		{82D312CE-5A46-4C20-80E0-79976A219238}.AppStore|Any CPU.ActiveCfg = AppStore|iPhone
		{82D312CE-5A46-4C20-80E0-79976A219238}.AppStore|ARM.ActiveCfg = AppStore|iPhone
		{82D312CE-5A46-4C20-80E0-79976A219238}.AppStore|iPhone.ActiveCfg = AppStore|iPhone
		{82D312CE-5A46-4C20-80E0-79976A219238}.AppStore|iPhone.Build.0 = AppStore|iPhone
		{82D312CE-5A46-4C20-80E0-79976A219238}.AppStore|iPhoneSimulator.ActiveCfg = AppStore|iPhoneSimulator
		{82D312CE-5A46-4C20-80E0-79976A219238}.AppStore|iPhoneSimulator.Build.0 = AppStore|iPhoneSimulator
		{82D312CE-5A46-4C20-80E0-79976A219238}.AppStore|x64.ActiveCfg = AppStore|iPhone
		{82D312CE-5A46-4C20-80E0-79976A219238}.AppStore|x86.ActiveCfg = AppStore|iPhone
		{82D312CE-5A46-4C20-80E0-79976A219238}.Debug|Any CPU.ActiveCfg = Debug|iPhone
		{82D312CE-5A46-4C20-80E0-79976A219238}.Debug|ARM.ActiveCfg = Debug|iPhone
		{82D312CE-5A46-4C20-80E0-79976A219238}.Debug|iPhone.ActiveCfg = Debug|iPhone
		{82D312CE-5A46-4C20-80E0-79976A219238}.Debug|iPhone.Build.0 = Debug|iPhone
		{82D312CE-5A46-4C20-80E0-79976A219238}.Debug|iPhoneSimulator.ActiveCfg = Debug|iPhoneSimulator
		{82D312CE-5A46-4C20-80E0-79976A219238}.Debug|iPhoneSimulator.Build.0 = Debug|iPhoneSimulator
		{82D312CE-5A46-4C20-80E0-79976A219238}.Debug|x64.ActiveCfg = Debug|iPhone
		{82D312CE-5A46-4C20-80E0-79976A219238}.Debug|x86.ActiveCfg = Debug|iPhone
		{82D312CE-5A46-4C20-80E0-79976A219238}.Release|Any CPU.ActiveCfg = Release|iPhone
		{82D312CE-5A46-4C20-80E0-79976A219238}.Release|ARM.ActiveCfg = Release|iPhone
		{82D312CE-5A46-4C20-80E0-79976A219238}.Release|iPhone.ActiveCfg = Release|iPhone
		{82D312CE-5A46-4C20-80E0-79976A219238}.Release|iPhone.Build.0 = Release|iPhone
		{82D312CE-5A46-4C20-80E0-79976A219238}.Release|iPhoneSimulator.ActiveCfg = Release|iPhoneSimulator
		{82D312CE-5A46-4C20-80E0-79976A219238}.Release|iPhoneSimulator.Build.0 = Release|iPhoneSimulator
		{82D312CE-5A46-4C20-80E0-79976A219238}.Release|x64.ActiveCfg = Release|iPhone
		{82D312CE-5A46-4C20-80E0-79976A219238}.Release|x86.ActiveCfg = Release|iPhone
	EndGlobalSection
	GlobalSection(SolutionProperties) = preSolution
		HideSolutionNode = FALSE
	EndGlobalSection
EndGlobal
